
Microsoft Visual Studio Solution File, Format Version 12.00
# Visual Studio 15
VisualStudioVersion = 15.0.26430.16
MinimumVisualStudioVersion = 10.0.40219.1
Project("{FAE04EC0-301F-11D3-BF4B-00C04F79EFBC}") = "Uvodni", "ConsoleApp1\Uvodni.csproj", "{31F30331-D9D7-4529-9C4C-B096F2654F21}"
EndProject
Project("{FAE04EC0-301F-11D3-BF4B-00C04F79EFBC}") = "Zbroj", "Zbroj\Zbroj.csproj", "{C72F648D-610F-4C09-90AE-BB2DD90A29D2}"
EndProject
Project("{2150E333-8FDC-42A3-9474-1A3956D46DE8}") = "4.1_Uvod", "4.1_Uvod", "{1CD019B1-6628-4F9D-BE13-AA15FA2AD934}"
EndProject
Project("{FAE04EC0-301F-11D3-BF4B-00C04F79EFBC}") = "Hello", "Hello\Hello.csproj", "{D57B4D9F-C756-4E84-951D-2D56EDE879A7}"
EndProject
Project("{FAE04EC0-301F-11D3-BF4B-00C04F79EFBC}") = "IspisBrojeva", "IspisBrojeva\IspisBrojeva.csproj", "{0CA433EB-B30D-4A93-8401-EC2C8A5BE104}"
EndProject
Project("{2150E333-8FDC-42A3-9474-1A3956D46DE8}") = "5.1_varijable", "5.1_varijable", "{D4D349EF-58D4-4E04-88A2-35FFA5D2EABC}"
EndProject
Project("{FAE04EC0-301F-11D3-BF4B-00C04F79EFBC}") = "zbroj_razlika", "zbroj_razlika\zbroj_razlika.csproj", "{04799DD3-720C-4707-947F-C35FEB76F557}"
EndProject
Project("{2150E333-8FDC-42A3-9474-1A3956D46DE8}") = "5.2_Uvjetno_grananje", "5.2_Uvjetno_grananje", "{19D29F78-F7F0-4D00-8791-9EDF91AE03A6}"
EndProject
Project("{FAE04EC0-301F-11D3-BF4B-00C04F79EFBC}") = "if_primjer", "if_primjer\if_primjer.csproj", "{B115C56C-759C-4FE8-B30A-B5550F650228}"
EndProject
Project("{FAE04EC0-301F-11D3-BF4B-00C04F79EFBC}") = "primjer_5.2.1.2_pozitivan", "primjer_5.2.1.2_pozitivan\primjer_5.2.1.2_pozitivan.csproj", "{FA8A60FB-8C81-4682-8051-5777C41C9AF6}"
EndProject
Project("{FAE04EC0-301F-11D3-BF4B-00C04F79EFBC}") = "primjer_5.2.2.switch", "primjer_5.2.2.switch\primjer_5.2.2.switch.csproj", "{1C42CD6A-A00C-47DC-A9CE-D95B5EEE825F}"
EndProject
Project("{FAE04EC0-301F-11D3-BF4B-00C04F79EFBC}") = "5.2.3.exceptio_primjer", "5.2.3.exceptio_primjer\5.2.3.exceptio_primjer.csproj", "{F452E0A6-FCB3-4519-9F1B-F4E60F7081EB}"
EndProject
Project("{FAE04EC0-301F-11D3-BF4B-00C04F79EFBC}") = "zz_5_2_3_veliki_broj", "zz_5_2_3_veliki_broj\zz_5_2_3_veliki_broj.csproj", "{DCC74788-3DA5-46A3-8F7F-F6E3A9BC70F9}"
EndProject
Project("{FAE04EC0-301F-11D3-BF4B-00C04F79EFBC}") = "zz_5_2_4_x_znamenkasti_broj", "zz_5_2_4_x_znamenkasti_broj\zz_5_2_4_x_znamenkasti_broj.csproj", "{6922A562-96B1-4196-8E44-8C40C7475255}"
EndProject
Project("{FAE04EC0-301F-11D3-BF4B-00C04F79EFBC}") = "zz_5_2_5_u_intervalu", "zz_5_2_5_u_intervalu\zz_5_2_5_u_intervalu.csproj", "{39594833-69DB-4429-A028-6D91C1BD979F}"
EndProject
Project("{FAE04EC0-301F-11D3-BF4B-00C04F79EFBC}") = "zz_5_2_6_dobar_broj_1", "zz_5_2_6_dobar_broj_1\zz_5_2_6_dobar_broj_1.csproj", "{07AF7C68-1112-499F-A7C6-31D3DFAE6D6A}"
EndProject
Project("{FAE04EC0-301F-11D3-BF4B-00C04F79EFBC}") = "zz_5__2_7_dobar_broj_2", "zz_5__2_7_dobar_broj_2\zz_5__2_7_dobar_broj_2.csproj", "{F2E14632-87F0-486A-8C64-46B5A25DBCF5}"
EndProject
Project("{FAE04EC0-301F-11D3-BF4B-00C04F79EFBC}") = "zz_5_2_9_cjelobrojno_dijeljenje", "zz_5_2_9_cjelobrojno_dijeljenje\zz_5_2_9_cjelobrojno_dijeljenje.csproj", "{AB92B91B-1DBB-4AAF-9364-E9E0C30378A9}"
EndProject
Project("{FAE04EC0-301F-11D3-BF4B-00C04F79EFBC}") = "zz_5_2_8_prijestupna_godina", "zz_5_2_8_prijestupna_godina\zz_5_2_8_prijestupna_godina.csproj", "{886ECF44-7283-4D24-B823-DCD1454C5B96}"
EndProject
Project("{2150E333-8FDC-42A3-9474-1A3956D46DE8}") = "5.3_Ciklicke_petlje", "5.3_Ciklicke_petlje", "{F02BF0E1-D9B0-41B2-9E1B-C031F605555B}"
EndProject
Project("{FAE04EC0-301F-11D3-BF4B-00C04F79EFBC}") = "petlje_primjeri", "petlje_primjeri\petlje_primjeri.csproj", "{D8135224-3F7C-4ABD-898C-050DB4421344}"
EndProject
Project("{FAE04EC0-301F-11D3-BF4B-00C04F79EFBC}") = "primjer_5.3.1.1", "primjer_5.3.1.1\primjer_5.3.1.1.csproj", "{2DEFB962-055E-4542-B8F1-852BAF2D097B}"
EndProject
Project("{FAE04EC0-301F-11D3-BF4B-00C04F79EFBC}") = "petlja_primjeri_while", "petlja_primjeri_while\petlja_primjeri_while.csproj", "{7602B044-57C8-49E3-A527-9182308B3EDD}"
EndProject
Project("{FAE04EC0-301F-11D3-BF4B-00C04F79EFBC}") = "zz_5.3.1_neparni_do_20", "zz_5.3.1_neparni_do_20\zz_5.3.1_neparni_do_20.csproj", "{3F1CE594-2F1D-4B26-ADF0-C8ADE9D8F261}"
EndProject
Project("{FAE04EC0-301F-11D3-BF4B-00C04F79EFBC}") = "zz_5.3.3_suma_100_brojeva", "zz_5.3.3_suma_100_brojeva\zz_5.3.3_suma_100_brojeva.csproj", "{84E8CB30-4672-435F-BE8D-1D42965E959E}"
EndProject
Project("{FAE04EC0-301F-11D3-BF4B-00C04F79EFBC}") = "zz_5.3.4_faktorijel", "zz_5.3.4_faktorijel\zz_5.3.4_faktorijel.csproj", "{CB6BD05E-AB32-4EB7-9F6E-B17A1FAEB9F1}"
EndProject
Project("{FAE04EC0-301F-11D3-BF4B-00C04F79EFBC}") = "zz_5.3.5_interval_plus_exception", "zz_5.3.5_djeljivi_s3_uzpromjenu\zz_5.3.5_interval_plus_exception.csproj", "{1FEEFC6F-D173-4C3F-B447-20A309EA3873}"
EndProject
Project("{FAE04EC0-301F-11D3-BF4B-00C04F79EFBC}") = "zz_5.3.7_7_3_ispis", "zz_5.3.7_7_3_ispis\zz_5.3.7_7_3_ispis.csproj", "{7D792291-8B9C-43DF-9D5A-AD7C44D0867D}"
EndProject
Project("{FAE04EC0-301F-11D3-BF4B-00C04F79EFBC}") = "zz_5_3_9_djelitelji", "zz_5_3_9_djelitelji\zz_5_3_9_djelitelji.csproj", "{2CCF74F4-BD5F-46EB-A09B-9635FD1D4427}"
EndProject
Project("{FAE04EC0-301F-11D3-BF4B-00C04F79EFBC}") = "zz_5.3.11_savrseni_brojevi", "zz_5.3.11_savrseni_brojevi\zz_5.3.11_savrseni_brojevi.csproj", "{1B45ABB9-BC30-4175-91CE-9920DA856B82}"
EndProject
Project("{FAE04EC0-301F-11D3-BF4B-00C04F79EFBC}") = "zz_5.3.13_min_max", "zz_5.3.13_min_max\zz_5.3.13_min_max.csproj", "{CB4E0BA6-2118-40C5-9E92-2F9FB5C5938A}"
EndProject
Project("{2150E333-8FDC-42A3-9474-1A3956D46DE8}") = "1.Zadaca", "1.Zadaca", "{C787D898-D8A2-44CF-B48E-0A9B2E336BED}"
EndProject
Project("{FAE04EC0-301F-11D3-BF4B-00C04F79EFBC}") = "zz_5.3.8_7_3_koliko", "zz_5.3.8_7_3_koliko\zz_5.3.8_7_3_koliko.csproj", "{981C8DB6-8146-471E-A0B3-38E295F7BB77}"
EndProject
Project("{FAE04EC0-301F-11D3-BF4B-00C04F79EFBC}") = "zz_5.3.10_savrsen_broj", "zz_5.3.10_savrsen_broj\zz_5.3.10_savrsen_broj.csproj", "{EF784C59-2837-45D4-A366-E64984A4DF8B}"
EndProject
Project("{FAE04EC0-301F-11D3-BF4B-00C04F79EFBC}") = "zz_5.3.12_suma_i_prosjek", "zz_5.3.12_suma_i_prosjek\zz_5.3.12_suma_i_prosjek.csproj", "{14A12377-F23E-4834-8735-039370799F78}"
EndProject
Project("{FAE04EC0-301F-11D3-BF4B-00C04F79EFBC}") = "zz_5.4.14_neparni_brojevi", "zz_5.4.14_neparni_brojevi\zz_5.4.14_neparni_brojevi.csproj", "{62A024C9-2F9F-4F16-8F8D-E26DE265B3AD}"
EndProject
Project("{FAE04EC0-301F-11D3-BF4B-00C04F79EFBC}") = "zz_5.3.16_potencije1", "zz_5.3.16_potencije1\zz_5.3.16_potencije1.csproj", "{325F6475-A441-4ED5-BFE3-BED40D747B47}"
EndProject
Project("{FAE04EC0-301F-11D3-BF4B-00C04F79EFBC}") = "zz_5.3.18_unos_ocjene", "zz_5.3.18_unos_ocjene\zz_5.3.18_unos_ocjene.csproj", "{1F0F0CF2-5E5E-420E-AEB1-F523F2F9F365}"
EndProject
Project("{FAE04EC0-301F-11D3-BF4B-00C04F79EFBC}") = "zz_5.3.20_par_nepar", "zz_5.3.20_par_nepar\zz_5.3.20_par_nepar.csproj", "{DC2F0DD3-F629-40FF-A428-BF3B31502F5C}"
EndProject
Project("{FAE04EC0-301F-11D3-BF4B-00C04F79EFBC}") = "zz_5.3.22__kalkulator2", "zz_5.3.22__kalkulator2\zz_5.3.22__kalkulator2.csproj", "{B118530A-E938-4BD9-8E60-DAB04E0B619A}"
EndProject
Project("{FAE04EC0-301F-11D3-BF4B-00C04F79EFBC}") = "zz_5.3.15_ispis_unatrag", "zz_5.3.15_ispis_unatrag\zz_5.3.15_ispis_unatrag.csproj", "{DE3C1DE0-99A7-4C30-B1D3-A804D292329A}"
EndProject
Project("{2150E333-8FDC-42A3-9474-1A3956D46DE8}") = "6.1_Nizovi", "6.1_Nizovi", "{02E04ED6-883A-46F0-9196-D65826ADACA3}"
EndProject
Project("{FAE04EC0-301F-11D3-BF4B-00C04F79EFBC}") = "6.1.1_primjer", "6.1.1_primjer\6.1.1_primjer.csproj", "{B55FAF87-E20E-45F8-8CD9-814321ECA3B2}"
EndProject
Project("{FAE04EC0-301F-11D3-BF4B-00C04F79EFBC}") = "6.2.1.1_primjer_arraylist", "6.2.1.1_primjer_arraylist\6.2.1.1_primjer_arraylist.csproj", "{AAEF2644-ADD9-410A-B550-C7A20CF7A41F}"
EndProject
Project("{FAE04EC0-301F-11D3-BF4B-00C04F79EFBC}") = "zz_6.1.2_max_niz", "zz_6.1.2_max_niz\zz_6.1.2_max_niz.csproj", "{AF5C921F-E24F-48CC-ACBA-533D487DA4CE}"
EndProject
Project("{FAE04EC0-301F-11D3-BF4B-00C04F79EFBC}") = "6.2.2_primjer_exception", "6.2.2_primjer_exception\6.2.2_primjer_exception.csproj", "{745DD6AF-00C8-47C0-975E-A4EC327F999F}"
EndProject
Project("{FAE04EC0-301F-11D3-BF4B-00C04F79EFBC}") = "6.2.3_generics", "6.2.3_generics\6.2.3_generics.csproj", "{43B6C207-0D87-447E-9D38-05DA0A285067}"
EndProject
Project("{FAE04EC0-301F-11D3-BF4B-00C04F79EFBC}") = "zz_6.2.2_par_nepar2", "zz_6.2.2_par_nepar2\zz_6.2.2_par_nepar2.csproj", "{61AE128B-B861-4AFD-92A7-F405186A8420}"
EndProject
Project("{FAE04EC0-301F-11D3-BF4B-00C04F79EFBC}") = "zz_6.2.3_sort", "zz_6.2.3_sort\zz_6.2.3_sort.csproj", "{BEA46F25-F379-4157-8828-5281ACADE92B}"
EndProject
Project("{FAE04EC0-301F-11D3-BF4B-00C04F79EFBC}") = "zz_6.2.4_znamenke", "zz_6.2.4_znamenke\zz_6.2.4_znamenke.csproj", "{EC7FE5DC-4C3E-42AF-9C83-0D943685A9A3}"
EndProject
Project("{FAE04EC0-301F-11D3-BF4B-00C04F79EFBC}") = "zz_6.2.5_prosti_faktori", "zz_6.2.5_prosti_faktori\zz_6.2.5_prosti_faktori.csproj", "{49ACB9D6-8E93-4A53-BD5A-CBF9E262B269}"
EndProject
Global
	GlobalSection(SolutionConfigurationPlatforms) = preSolution
		Debug|Any CPU = Debug|Any CPU
		Release|Any CPU = Release|Any CPU
	EndGlobalSection
	GlobalSection(ProjectConfigurationPlatforms) = postSolution
		{31F30331-D9D7-4529-9C4C-B096F2654F21}.Debug|Any CPU.ActiveCfg = Debug|Any CPU
		{31F30331-D9D7-4529-9C4C-B096F2654F21}.Debug|Any CPU.Build.0 = Debug|Any CPU
		{31F30331-D9D7-4529-9C4C-B096F2654F21}.Release|Any CPU.ActiveCfg = Release|Any CPU
		{31F30331-D9D7-4529-9C4C-B096F2654F21}.Release|Any CPU.Build.0 = Release|Any CPU
		{C72F648D-610F-4C09-90AE-BB2DD90A29D2}.Debug|Any CPU.ActiveCfg = Debug|Any CPU
		{C72F648D-610F-4C09-90AE-BB2DD90A29D2}.Debug|Any CPU.Build.0 = Debug|Any CPU
		{C72F648D-610F-4C09-90AE-BB2DD90A29D2}.Release|Any CPU.ActiveCfg = Release|Any CPU
		{C72F648D-610F-4C09-90AE-BB2DD90A29D2}.Release|Any CPU.Build.0 = Release|Any CPU
		{D57B4D9F-C756-4E84-951D-2D56EDE879A7}.Debug|Any CPU.ActiveCfg = Debug|Any CPU
		{D57B4D9F-C756-4E84-951D-2D56EDE879A7}.Debug|Any CPU.Build.0 = Debug|Any CPU
		{D57B4D9F-C756-4E84-951D-2D56EDE879A7}.Release|Any CPU.ActiveCfg = Release|Any CPU
		{D57B4D9F-C756-4E84-951D-2D56EDE879A7}.Release|Any CPU.Build.0 = Release|Any CPU
		{0CA433EB-B30D-4A93-8401-EC2C8A5BE104}.Debug|Any CPU.ActiveCfg = Debug|Any CPU
		{0CA433EB-B30D-4A93-8401-EC2C8A5BE104}.Debug|Any CPU.Build.0 = Debug|Any CPU
		{0CA433EB-B30D-4A93-8401-EC2C8A5BE104}.Release|Any CPU.ActiveCfg = Release|Any CPU
		{0CA433EB-B30D-4A93-8401-EC2C8A5BE104}.Release|Any CPU.Build.0 = Release|Any CPU
		{04799DD3-720C-4707-947F-C35FEB76F557}.Debug|Any CPU.ActiveCfg = Debug|Any CPU
		{04799DD3-720C-4707-947F-C35FEB76F557}.Debug|Any CPU.Build.0 = Debug|Any CPU
		{04799DD3-720C-4707-947F-C35FEB76F557}.Release|Any CPU.ActiveCfg = Release|Any CPU
		{04799DD3-720C-4707-947F-C35FEB76F557}.Release|Any CPU.Build.0 = Release|Any CPU
		{B115C56C-759C-4FE8-B30A-B5550F650228}.Debug|Any CPU.ActiveCfg = Debug|Any CPU
		{B115C56C-759C-4FE8-B30A-B5550F650228}.Debug|Any CPU.Build.0 = Debug|Any CPU
		{B115C56C-759C-4FE8-B30A-B5550F650228}.Release|Any CPU.ActiveCfg = Release|Any CPU
		{B115C56C-759C-4FE8-B30A-B5550F650228}.Release|Any CPU.Build.0 = Release|Any CPU
		{FA8A60FB-8C81-4682-8051-5777C41C9AF6}.Debug|Any CPU.ActiveCfg = Debug|Any CPU
		{FA8A60FB-8C81-4682-8051-5777C41C9AF6}.Debug|Any CPU.Build.0 = Debug|Any CPU
		{FA8A60FB-8C81-4682-8051-5777C41C9AF6}.Release|Any CPU.ActiveCfg = Release|Any CPU
		{FA8A60FB-8C81-4682-8051-5777C41C9AF6}.Release|Any CPU.Build.0 = Release|Any CPU
		{1C42CD6A-A00C-47DC-A9CE-D95B5EEE825F}.Debug|Any CPU.ActiveCfg = Debug|Any CPU
		{1C42CD6A-A00C-47DC-A9CE-D95B5EEE825F}.Debug|Any CPU.Build.0 = Debug|Any CPU
		{1C42CD6A-A00C-47DC-A9CE-D95B5EEE825F}.Release|Any CPU.ActiveCfg = Release|Any CPU
		{1C42CD6A-A00C-47DC-A9CE-D95B5EEE825F}.Release|Any CPU.Build.0 = Release|Any CPU
		{F452E0A6-FCB3-4519-9F1B-F4E60F7081EB}.Debug|Any CPU.ActiveCfg = Debug|Any CPU
		{F452E0A6-FCB3-4519-9F1B-F4E60F7081EB}.Debug|Any CPU.Build.0 = Debug|Any CPU
		{F452E0A6-FCB3-4519-9F1B-F4E60F7081EB}.Release|Any CPU.ActiveCfg = Release|Any CPU
		{F452E0A6-FCB3-4519-9F1B-F4E60F7081EB}.Release|Any CPU.Build.0 = Release|Any CPU
		{DCC74788-3DA5-46A3-8F7F-F6E3A9BC70F9}.Debug|Any CPU.ActiveCfg = Debug|Any CPU
		{DCC74788-3DA5-46A3-8F7F-F6E3A9BC70F9}.Debug|Any CPU.Build.0 = Debug|Any CPU
		{DCC74788-3DA5-46A3-8F7F-F6E3A9BC70F9}.Release|Any CPU.ActiveCfg = Release|Any CPU
		{DCC74788-3DA5-46A3-8F7F-F6E3A9BC70F9}.Release|Any CPU.Build.0 = Release|Any CPU
		{6922A562-96B1-4196-8E44-8C40C7475255}.Debug|Any CPU.ActiveCfg = Debug|Any CPU
		{6922A562-96B1-4196-8E44-8C40C7475255}.Debug|Any CPU.Build.0 = Debug|Any CPU
		{6922A562-96B1-4196-8E44-8C40C7475255}.Release|Any CPU.ActiveCfg = Release|Any CPU
		{6922A562-96B1-4196-8E44-8C40C7475255}.Release|Any CPU.Build.0 = Release|Any CPU
		{39594833-69DB-4429-A028-6D91C1BD979F}.Debug|Any CPU.ActiveCfg = Debug|Any CPU
		{39594833-69DB-4429-A028-6D91C1BD979F}.Debug|Any CPU.Build.0 = Debug|Any CPU
		{39594833-69DB-4429-A028-6D91C1BD979F}.Release|Any CPU.ActiveCfg = Release|Any CPU
		{39594833-69DB-4429-A028-6D91C1BD979F}.Release|Any CPU.Build.0 = Release|Any CPU
		{07AF7C68-1112-499F-A7C6-31D3DFAE6D6A}.Debug|Any CPU.ActiveCfg = Debug|Any CPU
		{07AF7C68-1112-499F-A7C6-31D3DFAE6D6A}.Debug|Any CPU.Build.0 = Debug|Any CPU
		{07AF7C68-1112-499F-A7C6-31D3DFAE6D6A}.Release|Any CPU.ActiveCfg = Release|Any CPU
		{07AF7C68-1112-499F-A7C6-31D3DFAE6D6A}.Release|Any CPU.Build.0 = Release|Any CPU
		{F2E14632-87F0-486A-8C64-46B5A25DBCF5}.Debug|Any CPU.ActiveCfg = Debug|Any CPU
		{F2E14632-87F0-486A-8C64-46B5A25DBCF5}.Debug|Any CPU.Build.0 = Debug|Any CPU
		{F2E14632-87F0-486A-8C64-46B5A25DBCF5}.Release|Any CPU.ActiveCfg = Release|Any CPU
		{F2E14632-87F0-486A-8C64-46B5A25DBCF5}.Release|Any CPU.Build.0 = Release|Any CPU
		{AB92B91B-1DBB-4AAF-9364-E9E0C30378A9}.Debug|Any CPU.ActiveCfg = Debug|Any CPU
		{AB92B91B-1DBB-4AAF-9364-E9E0C30378A9}.Debug|Any CPU.Build.0 = Debug|Any CPU
		{AB92B91B-1DBB-4AAF-9364-E9E0C30378A9}.Release|Any CPU.ActiveCfg = Release|Any CPU
		{AB92B91B-1DBB-4AAF-9364-E9E0C30378A9}.Release|Any CPU.Build.0 = Release|Any CPU
		{886ECF44-7283-4D24-B823-DCD1454C5B96}.Debug|Any CPU.ActiveCfg = Debug|Any CPU
		{886ECF44-7283-4D24-B823-DCD1454C5B96}.Debug|Any CPU.Build.0 = Debug|Any CPU
		{886ECF44-7283-4D24-B823-DCD1454C5B96}.Release|Any CPU.ActiveCfg = Release|Any CPU
		{886ECF44-7283-4D24-B823-DCD1454C5B96}.Release|Any CPU.Build.0 = Release|Any CPU
		{D8135224-3F7C-4ABD-898C-050DB4421344}.Debug|Any CPU.ActiveCfg = Debug|Any CPU
		{D8135224-3F7C-4ABD-898C-050DB4421344}.Debug|Any CPU.Build.0 = Debug|Any CPU
		{D8135224-3F7C-4ABD-898C-050DB4421344}.Release|Any CPU.ActiveCfg = Release|Any CPU
		{D8135224-3F7C-4ABD-898C-050DB4421344}.Release|Any CPU.Build.0 = Release|Any CPU
		{2DEFB962-055E-4542-B8F1-852BAF2D097B}.Debug|Any CPU.ActiveCfg = Debug|Any CPU
		{2DEFB962-055E-4542-B8F1-852BAF2D097B}.Debug|Any CPU.Build.0 = Debug|Any CPU
		{2DEFB962-055E-4542-B8F1-852BAF2D097B}.Release|Any CPU.ActiveCfg = Release|Any CPU
		{2DEFB962-055E-4542-B8F1-852BAF2D097B}.Release|Any CPU.Build.0 = Release|Any CPU
		{7602B044-57C8-49E3-A527-9182308B3EDD}.Debug|Any CPU.ActiveCfg = Debug|Any CPU
		{7602B044-57C8-49E3-A527-9182308B3EDD}.Debug|Any CPU.Build.0 = Debug|Any CPU
		{7602B044-57C8-49E3-A527-9182308B3EDD}.Release|Any CPU.ActiveCfg = Release|Any CPU
		{7602B044-57C8-49E3-A527-9182308B3EDD}.Release|Any CPU.Build.0 = Release|Any CPU
		{3F1CE594-2F1D-4B26-ADF0-C8ADE9D8F261}.Debug|Any CPU.ActiveCfg = Debug|Any CPU
		{3F1CE594-2F1D-4B26-ADF0-C8ADE9D8F261}.Debug|Any CPU.Build.0 = Debug|Any CPU
		{3F1CE594-2F1D-4B26-ADF0-C8ADE9D8F261}.Release|Any CPU.ActiveCfg = Release|Any CPU
		{3F1CE594-2F1D-4B26-ADF0-C8ADE9D8F261}.Release|Any CPU.Build.0 = Release|Any CPU
		{84E8CB30-4672-435F-BE8D-1D42965E959E}.Debug|Any CPU.ActiveCfg = Debug|Any CPU
		{84E8CB30-4672-435F-BE8D-1D42965E959E}.Debug|Any CPU.Build.0 = Debug|Any CPU
		{84E8CB30-4672-435F-BE8D-1D42965E959E}.Release|Any CPU.ActiveCfg = Release|Any CPU
		{84E8CB30-4672-435F-BE8D-1D42965E959E}.Release|Any CPU.Build.0 = Release|Any CPU
		{CB6BD05E-AB32-4EB7-9F6E-B17A1FAEB9F1}.Debug|Any CPU.ActiveCfg = Debug|Any CPU
		{CB6BD05E-AB32-4EB7-9F6E-B17A1FAEB9F1}.Debug|Any CPU.Build.0 = Debug|Any CPU
		{CB6BD05E-AB32-4EB7-9F6E-B17A1FAEB9F1}.Release|Any CPU.ActiveCfg = Release|Any CPU
		{CB6BD05E-AB32-4EB7-9F6E-B17A1FAEB9F1}.Release|Any CPU.Build.0 = Release|Any CPU
		{1FEEFC6F-D173-4C3F-B447-20A309EA3873}.Debug|Any CPU.ActiveCfg = Debug|Any CPU
		{1FEEFC6F-D173-4C3F-B447-20A309EA3873}.Debug|Any CPU.Build.0 = Debug|Any CPU
		{1FEEFC6F-D173-4C3F-B447-20A309EA3873}.Release|Any CPU.ActiveCfg = Release|Any CPU
		{1FEEFC6F-D173-4C3F-B447-20A309EA3873}.Release|Any CPU.Build.0 = Release|Any CPU
		{7D792291-8B9C-43DF-9D5A-AD7C44D0867D}.Debug|Any CPU.ActiveCfg = Debug|Any CPU
		{7D792291-8B9C-43DF-9D5A-AD7C44D0867D}.Debug|Any CPU.Build.0 = Debug|Any CPU
		{7D792291-8B9C-43DF-9D5A-AD7C44D0867D}.Release|Any CPU.ActiveCfg = Release|Any CPU
		{7D792291-8B9C-43DF-9D5A-AD7C44D0867D}.Release|Any CPU.Build.0 = Release|Any CPU
		{2CCF74F4-BD5F-46EB-A09B-9635FD1D4427}.Debug|Any CPU.ActiveCfg = Debug|Any CPU
		{2CCF74F4-BD5F-46EB-A09B-9635FD1D4427}.Debug|Any CPU.Build.0 = Debug|Any CPU
		{2CCF74F4-BD5F-46EB-A09B-9635FD1D4427}.Release|Any CPU.ActiveCfg = Release|Any CPU
		{2CCF74F4-BD5F-46EB-A09B-9635FD1D4427}.Release|Any CPU.Build.0 = Release|Any CPU
		{1B45ABB9-BC30-4175-91CE-9920DA856B82}.Debug|Any CPU.ActiveCfg = Debug|Any CPU
		{1B45ABB9-BC30-4175-91CE-9920DA856B82}.Debug|Any CPU.Build.0 = Debug|Any CPU
		{1B45ABB9-BC30-4175-91CE-9920DA856B82}.Release|Any CPU.ActiveCfg = Release|Any CPU
		{1B45ABB9-BC30-4175-91CE-9920DA856B82}.Release|Any CPU.Build.0 = Release|Any CPU
		{CB4E0BA6-2118-40C5-9E92-2F9FB5C5938A}.Debug|Any CPU.ActiveCfg = Debug|Any CPU
		{CB4E0BA6-2118-40C5-9E92-2F9FB5C5938A}.Debug|Any CPU.Build.0 = Debug|Any CPU
		{CB4E0BA6-2118-40C5-9E92-2F9FB5C5938A}.Release|Any CPU.ActiveCfg = Release|Any CPU
		{CB4E0BA6-2118-40C5-9E92-2F9FB5C5938A}.Release|Any CPU.Build.0 = Release|Any CPU
		{981C8DB6-8146-471E-A0B3-38E295F7BB77}.Debug|Any CPU.ActiveCfg = Debug|Any CPU
		{981C8DB6-8146-471E-A0B3-38E295F7BB77}.Debug|Any CPU.Build.0 = Debug|Any CPU
		{981C8DB6-8146-471E-A0B3-38E295F7BB77}.Release|Any CPU.ActiveCfg = Release|Any CPU
		{981C8DB6-8146-471E-A0B3-38E295F7BB77}.Release|Any CPU.Build.0 = Release|Any CPU
		{EF784C59-2837-45D4-A366-E64984A4DF8B}.Debug|Any CPU.ActiveCfg = Debug|Any CPU
		{EF784C59-2837-45D4-A366-E64984A4DF8B}.Debug|Any CPU.Build.0 = Debug|Any CPU
		{EF784C59-2837-45D4-A366-E64984A4DF8B}.Release|Any CPU.ActiveCfg = Release|Any CPU
		{EF784C59-2837-45D4-A366-E64984A4DF8B}.Release|Any CPU.Build.0 = Release|Any CPU
		{14A12377-F23E-4834-8735-039370799F78}.Debug|Any CPU.ActiveCfg = Debug|Any CPU
		{14A12377-F23E-4834-8735-039370799F78}.Debug|Any CPU.Build.0 = Debug|Any CPU
		{14A12377-F23E-4834-8735-039370799F78}.Release|Any CPU.ActiveCfg = Release|Any CPU
		{14A12377-F23E-4834-8735-039370799F78}.Release|Any CPU.Build.0 = Release|Any CPU
		{62A024C9-2F9F-4F16-8F8D-E26DE265B3AD}.Debug|Any CPU.ActiveCfg = Debug|Any CPU
		{62A024C9-2F9F-4F16-8F8D-E26DE265B3AD}.Debug|Any CPU.Build.0 = Debug|Any CPU
		{62A024C9-2F9F-4F16-8F8D-E26DE265B3AD}.Release|Any CPU.ActiveCfg = Release|Any CPU
		{62A024C9-2F9F-4F16-8F8D-E26DE265B3AD}.Release|Any CPU.Build.0 = Release|Any CPU
		{325F6475-A441-4ED5-BFE3-BED40D747B47}.Debug|Any CPU.ActiveCfg = Debug|Any CPU
		{325F6475-A441-4ED5-BFE3-BED40D747B47}.Debug|Any CPU.Build.0 = Debug|Any CPU
		{325F6475-A441-4ED5-BFE3-BED40D747B47}.Release|Any CPU.ActiveCfg = Release|Any CPU
		{325F6475-A441-4ED5-BFE3-BED40D747B47}.Release|Any CPU.Build.0 = Release|Any CPU
		{1F0F0CF2-5E5E-420E-AEB1-F523F2F9F365}.Debug|Any CPU.ActiveCfg = Debug|Any CPU
		{1F0F0CF2-5E5E-420E-AEB1-F523F2F9F365}.Debug|Any CPU.Build.0 = Debug|Any CPU
		{1F0F0CF2-5E5E-420E-AEB1-F523F2F9F365}.Release|Any CPU.ActiveCfg = Release|Any CPU
		{1F0F0CF2-5E5E-420E-AEB1-F523F2F9F365}.Release|Any CPU.Build.0 = Release|Any CPU
		{DC2F0DD3-F629-40FF-A428-BF3B31502F5C}.Debug|Any CPU.ActiveCfg = Debug|Any CPU
		{DC2F0DD3-F629-40FF-A428-BF3B31502F5C}.Debug|Any CPU.Build.0 = Debug|Any CPU
		{DC2F0DD3-F629-40FF-A428-BF3B31502F5C}.Release|Any CPU.ActiveCfg = Release|Any CPU
		{DC2F0DD3-F629-40FF-A428-BF3B31502F5C}.Release|Any CPU.Build.0 = Release|Any CPU
		{B118530A-E938-4BD9-8E60-DAB04E0B619A}.Debug|Any CPU.ActiveCfg = Debug|Any CPU
		{B118530A-E938-4BD9-8E60-DAB04E0B619A}.Debug|Any CPU.Build.0 = Debug|Any CPU
		{B118530A-E938-4BD9-8E60-DAB04E0B619A}.Release|Any CPU.ActiveCfg = Release|Any CPU
		{B118530A-E938-4BD9-8E60-DAB04E0B619A}.Release|Any CPU.Build.0 = Release|Any CPU
		{DE3C1DE0-99A7-4C30-B1D3-A804D292329A}.Debug|Any CPU.ActiveCfg = Debug|Any CPU
		{DE3C1DE0-99A7-4C30-B1D3-A804D292329A}.Debug|Any CPU.Build.0 = Debug|Any CPU
		{DE3C1DE0-99A7-4C30-B1D3-A804D292329A}.Release|Any CPU.ActiveCfg = Release|Any CPU
		{DE3C1DE0-99A7-4C30-B1D3-A804D292329A}.Release|Any CPU.Build.0 = Release|Any CPU
		{B55FAF87-E20E-45F8-8CD9-814321ECA3B2}.Debug|Any CPU.ActiveCfg = Debug|Any CPU
		{B55FAF87-E20E-45F8-8CD9-814321ECA3B2}.Debug|Any CPU.Build.0 = Debug|Any CPU
		{B55FAF87-E20E-45F8-8CD9-814321ECA3B2}.Release|Any CPU.ActiveCfg = Release|Any CPU
		{B55FAF87-E20E-45F8-8CD9-814321ECA3B2}.Release|Any CPU.Build.0 = Release|Any CPU
		{AAEF2644-ADD9-410A-B550-C7A20CF7A41F}.Debug|Any CPU.ActiveCfg = Debug|Any CPU
		{AAEF2644-ADD9-410A-B550-C7A20CF7A41F}.Debug|Any CPU.Build.0 = Debug|Any CPU
		{AAEF2644-ADD9-410A-B550-C7A20CF7A41F}.Release|Any CPU.ActiveCfg = Release|Any CPU
		{AAEF2644-ADD9-410A-B550-C7A20CF7A41F}.Release|Any CPU.Build.0 = Release|Any CPU
		{AF5C921F-E24F-48CC-ACBA-533D487DA4CE}.Debug|Any CPU.ActiveCfg = Debug|Any CPU
		{AF5C921F-E24F-48CC-ACBA-533D487DA4CE}.Debug|Any CPU.Build.0 = Debug|Any CPU
		{AF5C921F-E24F-48CC-ACBA-533D487DA4CE}.Release|Any CPU.ActiveCfg = Release|Any CPU
		{AF5C921F-E24F-48CC-ACBA-533D487DA4CE}.Release|Any CPU.Build.0 = Release|Any CPU
		{745DD6AF-00C8-47C0-975E-A4EC327F999F}.Debug|Any CPU.ActiveCfg = Debug|Any CPU
		{745DD6AF-00C8-47C0-975E-A4EC327F999F}.Debug|Any CPU.Build.0 = Debug|Any CPU
		{745DD6AF-00C8-47C0-975E-A4EC327F999F}.Release|Any CPU.ActiveCfg = Release|Any CPU
		{745DD6AF-00C8-47C0-975E-A4EC327F999F}.Release|Any CPU.Build.0 = Release|Any CPU
		{43B6C207-0D87-447E-9D38-05DA0A285067}.Debug|Any CPU.ActiveCfg = Debug|Any CPU
		{43B6C207-0D87-447E-9D38-05DA0A285067}.Debug|Any CPU.Build.0 = Debug|Any CPU
		{43B6C207-0D87-447E-9D38-05DA0A285067}.Release|Any CPU.ActiveCfg = Release|Any CPU
		{43B6C207-0D87-447E-9D38-05DA0A285067}.Release|Any CPU.Build.0 = Release|Any CPU
		{61AE128B-B861-4AFD-92A7-F405186A8420}.Debug|Any CPU.ActiveCfg = Debug|Any CPU
		{61AE128B-B861-4AFD-92A7-F405186A8420}.Debug|Any CPU.Build.0 = Debug|Any CPU
		{61AE128B-B861-4AFD-92A7-F405186A8420}.Release|Any CPU.ActiveCfg = Release|Any CPU
		{61AE128B-B861-4AFD-92A7-F405186A8420}.Release|Any CPU.Build.0 = Release|Any CPU
		{BEA46F25-F379-4157-8828-5281ACADE92B}.Debug|Any CPU.ActiveCfg = Debug|Any CPU
		{BEA46F25-F379-4157-8828-5281ACADE92B}.Debug|Any CPU.Build.0 = Debug|Any CPU
		{BEA46F25-F379-4157-8828-5281ACADE92B}.Release|Any CPU.ActiveCfg = Release|Any CPU
		{BEA46F25-F379-4157-8828-5281ACADE92B}.Release|Any CPU.Build.0 = Release|Any CPU
		{EC7FE5DC-4C3E-42AF-9C83-0D943685A9A3}.Debug|Any CPU.ActiveCfg = Debug|Any CPU
		{EC7FE5DC-4C3E-42AF-9C83-0D943685A9A3}.Debug|Any CPU.Build.0 = Debug|Any CPU
		{EC7FE5DC-4C3E-42AF-9C83-0D943685A9A3}.Release|Any CPU.ActiveCfg = Release|Any CPU
		{EC7FE5DC-4C3E-42AF-9C83-0D943685A9A3}.Release|Any CPU.Build.0 = Release|Any CPU
		{49ACB9D6-8E93-4A53-BD5A-CBF9E262B269}.Debug|Any CPU.ActiveCfg = Debug|Any CPU
		{49ACB9D6-8E93-4A53-BD5A-CBF9E262B269}.Debug|Any CPU.Build.0 = Debug|Any CPU
		{49ACB9D6-8E93-4A53-BD5A-CBF9E262B269}.Release|Any CPU.ActiveCfg = Release|Any CPU
		{49ACB9D6-8E93-4A53-BD5A-CBF9E262B269}.Release|Any CPU.Build.0 = Release|Any CPU
	EndGlobalSection
	GlobalSection(SolutionProperties) = preSolution
		HideSolutionNode = FALSE
	EndGlobalSection
	GlobalSection(NestedProjects) = preSolution
		{D57B4D9F-C756-4E84-951D-2D56EDE879A7} = {1CD019B1-6628-4F9D-BE13-AA15FA2AD934}
		{0CA433EB-B30D-4A93-8401-EC2C8A5BE104} = {1CD019B1-6628-4F9D-BE13-AA15FA2AD934}
		{04799DD3-720C-4707-947F-C35FEB76F557} = {D4D349EF-58D4-4E04-88A2-35FFA5D2EABC}
		{B115C56C-759C-4FE8-B30A-B5550F650228} = {19D29F78-F7F0-4D00-8791-9EDF91AE03A6}
		{FA8A60FB-8C81-4682-8051-5777C41C9AF6} = {19D29F78-F7F0-4D00-8791-9EDF91AE03A6}
		{1C42CD6A-A00C-47DC-A9CE-D95B5EEE825F} = {19D29F78-F7F0-4D00-8791-9EDF91AE03A6}
		{F452E0A6-FCB3-4519-9F1B-F4E60F7081EB} = {19D29F78-F7F0-4D00-8791-9EDF91AE03A6}
		{DCC74788-3DA5-46A3-8F7F-F6E3A9BC70F9} = {19D29F78-F7F0-4D00-8791-9EDF91AE03A6}
		{6922A562-96B1-4196-8E44-8C40C7475255} = {19D29F78-F7F0-4D00-8791-9EDF91AE03A6}
		{39594833-69DB-4429-A028-6D91C1BD979F} = {19D29F78-F7F0-4D00-8791-9EDF91AE03A6}
		{07AF7C68-1112-499F-A7C6-31D3DFAE6D6A} = {19D29F78-F7F0-4D00-8791-9EDF91AE03A6}
		{F2E14632-87F0-486A-8C64-46B5A25DBCF5} = {19D29F78-F7F0-4D00-8791-9EDF91AE03A6}
		{AB92B91B-1DBB-4AAF-9364-E9E0C30378A9} = {19D29F78-F7F0-4D00-8791-9EDF91AE03A6}
		{886ECF44-7283-4D24-B823-DCD1454C5B96} = {19D29F78-F7F0-4D00-8791-9EDF91AE03A6}
		{D8135224-3F7C-4ABD-898C-050DB4421344} = {F02BF0E1-D9B0-41B2-9E1B-C031F605555B}
		{2DEFB962-055E-4542-B8F1-852BAF2D097B} = {F02BF0E1-D9B0-41B2-9E1B-C031F605555B}
		{7602B044-57C8-49E3-A527-9182308B3EDD} = {F02BF0E1-D9B0-41B2-9E1B-C031F605555B}
		{3F1CE594-2F1D-4B26-ADF0-C8ADE9D8F261} = {F02BF0E1-D9B0-41B2-9E1B-C031F605555B}
		{84E8CB30-4672-435F-BE8D-1D42965E959E} = {F02BF0E1-D9B0-41B2-9E1B-C031F605555B}
		{CB6BD05E-AB32-4EB7-9F6E-B17A1FAEB9F1} = {F02BF0E1-D9B0-41B2-9E1B-C031F605555B}
		{1FEEFC6F-D173-4C3F-B447-20A309EA3873} = {F02BF0E1-D9B0-41B2-9E1B-C031F605555B}
		{7D792291-8B9C-43DF-9D5A-AD7C44D0867D} = {F02BF0E1-D9B0-41B2-9E1B-C031F605555B}
		{2CCF74F4-BD5F-46EB-A09B-9635FD1D4427} = {F02BF0E1-D9B0-41B2-9E1B-C031F605555B}
		{1B45ABB9-BC30-4175-91CE-9920DA856B82} = {F02BF0E1-D9B0-41B2-9E1B-C031F605555B}
		{CB4E0BA6-2118-40C5-9E92-2F9FB5C5938A} = {F02BF0E1-D9B0-41B2-9E1B-C031F605555B}
		{981C8DB6-8146-471E-A0B3-38E295F7BB77} = {C787D898-D8A2-44CF-B48E-0A9B2E336BED}
		{EF784C59-2837-45D4-A366-E64984A4DF8B} = {C787D898-D8A2-44CF-B48E-0A9B2E336BED}
		{14A12377-F23E-4834-8735-039370799F78} = {C787D898-D8A2-44CF-B48E-0A9B2E336BED}
		{62A024C9-2F9F-4F16-8F8D-E26DE265B3AD} = {C787D898-D8A2-44CF-B48E-0A9B2E336BED}
		{325F6475-A441-4ED5-BFE3-BED40D747B47} = {C787D898-D8A2-44CF-B48E-0A9B2E336BED}
		{1F0F0CF2-5E5E-420E-AEB1-F523F2F9F365} = {C787D898-D8A2-44CF-B48E-0A9B2E336BED}
		{DC2F0DD3-F629-40FF-A428-BF3B31502F5C} = {C787D898-D8A2-44CF-B48E-0A9B2E336BED}
		{B118530A-E938-4BD9-8E60-DAB04E0B619A} = {C787D898-D8A2-44CF-B48E-0A9B2E336BED}
		{DE3C1DE0-99A7-4C30-B1D3-A804D292329A} = {F02BF0E1-D9B0-41B2-9E1B-C031F605555B}
		{B55FAF87-E20E-45F8-8CD9-814321ECA3B2} = {02E04ED6-883A-46F0-9196-D65826ADACA3}
		{AAEF2644-ADD9-410A-B550-C7A20CF7A41F} = {02E04ED6-883A-46F0-9196-D65826ADACA3}
		{AF5C921F-E24F-48CC-ACBA-533D487DA4CE} = {02E04ED6-883A-46F0-9196-D65826ADACA3}
		{745DD6AF-00C8-47C0-975E-A4EC327F999F} = {02E04ED6-883A-46F0-9196-D65826ADACA3}
		{43B6C207-0D87-447E-9D38-05DA0A285067} = {02E04ED6-883A-46F0-9196-D65826ADACA3}
		{61AE128B-B861-4AFD-92A7-F405186A8420} = {02E04ED6-883A-46F0-9196-D65826ADACA3}
		{BEA46F25-F379-4157-8828-5281ACADE92B} = {02E04ED6-883A-46F0-9196-D65826ADACA3}
		{EC7FE5DC-4C3E-42AF-9C83-0D943685A9A3} = {02E04ED6-883A-46F0-9196-D65826ADACA3}
		{49ACB9D6-8E93-4A53-BD5A-CBF9E262B269} = {02E04ED6-883A-46F0-9196-D65826ADACA3}
	EndGlobalSection
	GlobalSection(ExtensibilityGlobals) = postSolution
		SolutionGuid = {75EC4551-BDDA-44DC-B093-1C3F4BA400C8}
	EndGlobalSection
EndGlobal
